
Microsoft Visual Studio Solution File, Format Version 12.00
# Visual Studio Version 17
VisualStudioVersion = 17.9.34714.143
MinimumVisualStudioVersion = 10.0.40219.1
Project("{2150E333-8FDC-42A3-9474-1A3956D46DE8}") = "Services", "Services", "{12BA8EB1-9DA0-41CD-94BA-DB8626C1B99B}"
EndProject
Project("{2150E333-8FDC-42A3-9474-1A3956D46DE8}") = "Catalog", "Catalog", "{E9B01318-9C14-4691-9304-79724374603E}"
EndProject
Project("{FAE04EC0-301F-11D3-BF4B-00C04F79EFBC}") = "Catalog.API", "Services\Catalog\Catalog.API\Catalog.API.csproj", "{A9E6947E-54D8-4C20-B4A2-14862C5729B7}"
EndProject
Global
	GlobalSection(SolutionConfigurationPlatforms) = preSolution
		Debug|Any CPU = Debug|Any CPU
		Release|Any CPU = Release|Any CPU
	EndGlobalSection
	GlobalSection(ProjectConfigurationPlatforms) = postSolution
		{A9E6947E-54D8-4C20-B4A2-14862C5729B7}.Debug|Any CPU.ActiveCfg = Debug|Any CPU
		{A9E6947E-54D8-4C20-B4A2-14862C5729B7}.Debug|Any CPU.Build.0 = Debug|Any CPU
		{A9E6947E-54D8-4C20-B4A2-14862C5729B7}.Release|Any CPU.ActiveCfg = Release|Any CPU
		{A9E6947E-54D8-4C20-B4A2-14862C5729B7}.Release|Any CPU.Build.0 = Release|Any CPU
	EndGlobalSection
	GlobalSection(SolutionProperties) = preSolution
		HideSolutionNode = FALSE
	EndGlobalSection
	GlobalSection(NestedProjects) = preSolution
		{E9B01318-9C14-4691-9304-79724374603E} = {12BA8EB1-9DA0-41CD-94BA-DB8626C1B99B}
		{A9E6947E-54D8-4C20-B4A2-14862C5729B7} = {E9B01318-9C14-4691-9304-79724374603E}
	EndGlobalSection
	GlobalSection(ExtensibilityGlobals) = postSolution
		SolutionGuid = {38D72EC0-C73F-4DEC-A5BB-1959E39DF2BC}
	EndGlobalSection
EndGlobal
